
Microsoft Visual Studio Solution File, Format Version 12.00
# Visual Studio Version 17
VisualStudioVersion = 17.7.34202.233
MinimumVisualStudioVersion = 10.0.40219.1
Project("{9A19103F-16F7-4668-BE54-9A1E7A4F7556}") = "Projekt_TK_biblioteka", "Projekt_TK_biblioteka.csproj", "{B0FD0B03-3EB9-442F-BE74-7E2E9C89136B}"
EndProject
Project("{2150E333-8FDC-42A3-9474-1A3956D46DE8}") = "Solution Items", "Solution Items", "{2AF11B68-045B-491C-B1DB-7CD1B34B766F}"
	ProjectSection(SolutionItems) = preProject
		.editorconfig = .editorconfig
	EndProjectSection
EndProject
Project("{2150E333-8FDC-42A3-9474-1A3956D46DE8}") = "Elementy rozwiązania", "Elementy rozwiązania", "{DF67F4D8-C3A8-426A-BA81-2FD9532A8DD1}"
	ProjectSection(SolutionItems) = preProject
		..\StarRating\StarRating.csproj = ..\StarRating\StarRating.csproj
	EndProjectSection
EndProject
Global
	GlobalSection(SolutionConfigurationPlatforms) = preSolution
		Debug|Any CPU = Debug|Any CPU
		Release|Any CPU = Release|Any CPU
	EndGlobalSection
	GlobalSection(ProjectConfigurationPlatforms) = postSolution
		{B0FD0B03-3EB9-442F-BE74-7E2E9C89136B}.Debug|Any CPU.ActiveCfg = Debug|Any CPU
		{B0FD0B03-3EB9-442F-BE74-7E2E9C89136B}.Debug|Any CPU.Build.0 = Debug|Any CPU
		{B0FD0B03-3EB9-442F-BE74-7E2E9C89136B}.Release|Any CPU.ActiveCfg = Release|Any CPU
		{B0FD0B03-3EB9-442F-BE74-7E2E9C89136B}.Release|Any CPU.Build.0 = Release|Any CPU
	EndGlobalSection
	GlobalSection(SolutionProperties) = preSolution
		HideSolutionNode = FALSE
	EndGlobalSection
	GlobalSection(ExtensibilityGlobals) = postSolution
		SolutionGuid = {A1BB85EE-A191-4FA4-B5E1-80376FB52F0B}
	EndGlobalSection
EndGlobal
